
Microsoft Visual Studio Solution File, Format Version 12.00
# Visual Studio Version 16
VisualStudioVersion = 16.0.29215.179
MinimumVisualStudioVersion = 10.0.40219.1
Project("{8BC9CEB8-8B4A-11D0-8D11-00A0C91BC942}") = "Lab1_Bilyi", "Lab1_Bilyi\Lab1_Bilyi.vcxproj", "{4F3FD8EB-D9DB-49BE-8E0D-F6363041B395}"
EndProject
Project("{8BC9CEB8-8B4A-11D0-8D11-00A0C91BC942}") = "Lab2_Bilyi", "Lab2_Bilyi\Lab2_Bilyi.vcxproj", "{A9EC9B64-5BD8-4E66-B36E-5A06C5AAA9E9}"
EndProject
Project("{8BC9CEB8-8B4A-11D0-8D11-00A0C91BC942}") = "Lab3_Bilyi", "Lab3_Bilyi\Lab3_Bilyi.vcxproj", "{D6008A03-BF86-4E9A-9FB3-73A4615AAB05}"
EndProject
Project("{8BC9CEB8-8B4A-11D0-8D11-00A0C91BC942}") = "Lab4_Bilyi", "Lab4_Bilyi\Lab4_Bilyi.vcxproj", "{8C1F83B6-6222-484F-974D-DEDB3123ECC0}"
EndProject
Project("{8BC9CEB8-8B4A-11D0-8D11-00A0C91BC942}") = "Lab5_Bilyi", "Lab5_Bilyi\Lab5_Bilyi.vcxproj", "{20FA3357-71CE-4EF3-8378-A4AF4EE6A841}"
EndProject
Project("{8BC9CEB8-8B4A-11D0-8D11-00A0C91BC942}") = "Lab6_Bilyi", "Lab6_Bilyi\Lab6_Bilyi.vcxproj", "{91047475-20E9-4C15-A58C-78F1BCFA8408}"
EndProject
Project("{8BC9CEB8-8B4A-11D0-8D11-00A0C91BC942}") = "Lab7_Bilyi", "Lab7_Bilyi\Lab7_Bilyi.vcxproj", "{3FC71E43-F5BF-46A1-964F-E3F95D8F7E0A}"
EndProject
Project("{8BC9CEB8-8B4A-11D0-8D11-00A0C91BC942}") = "Lab8_Bilyi", "Lab8_Bilyi\Lab8_Bilyi.vcxproj", "{CCC75E42-D6D6-41FA-AA1F-CFD7896994ED}"
EndProject
Project("{8BC9CEB8-8B4A-11D0-8D11-00A0C91BC942}") = "Lab9_Bilyi", "Lab9_Bilyi\Lab9_Bilyi.vcxproj", "{CC590E5F-8391-4CC6-B8FA-D24D19DA0D2A}"
EndProject
Project("{8BC9CEB8-8B4A-11D0-8D11-00A0C91BC942}") = "Lab10_Bilyi", "Lab10_Bilyi\Lab10_Bilyi.vcxproj", "{4687B4BA-21F8-4128-8BCB-FD540E48EBCE}"
EndProject
Project("{8BC9CEB8-8B4A-11D0-8D11-00A0C91BC942}") = "Lab11_Bilyi", "Lab11_Bilyi\Lab11_Bilyi.vcxproj", "{4A23EEDF-4E72-4233-BAAF-576EADD20DA4}"
EndProject
Project("{8BC9CEB8-8B4A-11D0-8D11-00A0C91BC942}") = "Lab12_Bilyi", "Lab12_Bilyi\Lab12_Bilyi.vcxproj", "{F9DEAABD-6517-4C2E-8661-987FB0D277B9}"
EndProject
Project("{8BC9CEB8-8B4A-11D0-8D11-00A0C91BC942}") = "Lab13_Bilyi", "Lab13_Bilyi\Lab13_Bilyi.vcxproj", "{4527026E-A511-4FB0-B241-A4E5BAFEA78A}"
EndProject
Project("{8BC9CEB8-8B4A-11D0-8D11-00A0C91BC942}") = "Lab14_Bilyi", "Lab14_Bilyi\Lab14_Bilyi.vcxproj", "{7729AA0E-0E6B-41A5-81EE-F20698DF3787}"
EndProject
Project("{8BC9CEB8-8B4A-11D0-8D11-00A0C91BC942}") = "Lab15_Bylyi", "Lab15_Bylyi\Lab15_Bylyi.vcxproj", "{75834EE3-7CA7-4DDB-B741-58A421BA4C88}"
EndProject
Project("{8BC9CEB8-8B4A-11D0-8D11-00A0C91BC942}") = "Lab16_Bilyi", "Lab16_Bilyi\Lab16_Bilyi.vcxproj", "{68694DFD-6C93-42EB-8073-3F6EAB2AA4F1}"
EndProject
Global
	GlobalSection(SolutionConfigurationPlatforms) = preSolution
		Debug|x64 = Debug|x64
		Debug|x86 = Debug|x86
		Release|x64 = Release|x64
		Release|x86 = Release|x86
		test|x64 = test|x64
		test|x86 = test|x86
	EndGlobalSection
	GlobalSection(ProjectConfigurationPlatforms) = postSolution
		{4F3FD8EB-D9DB-49BE-8E0D-F6363041B395}.Debug|x64.ActiveCfg = Debug|x64
		{4F3FD8EB-D9DB-49BE-8E0D-F6363041B395}.Debug|x64.Build.0 = Debug|x64
		{4F3FD8EB-D9DB-49BE-8E0D-F6363041B395}.Debug|x86.ActiveCfg = Debug|Win32
		{4F3FD8EB-D9DB-49BE-8E0D-F6363041B395}.Debug|x86.Build.0 = Debug|Win32
		{4F3FD8EB-D9DB-49BE-8E0D-F6363041B395}.Release|x64.ActiveCfg = Release|x64
		{4F3FD8EB-D9DB-49BE-8E0D-F6363041B395}.Release|x64.Build.0 = Release|x64
		{4F3FD8EB-D9DB-49BE-8E0D-F6363041B395}.Release|x86.ActiveCfg = Release|Win32
		{4F3FD8EB-D9DB-49BE-8E0D-F6363041B395}.Release|x86.Build.0 = Release|Win32
		{4F3FD8EB-D9DB-49BE-8E0D-F6363041B395}.test|x64.ActiveCfg = test|x64
		{4F3FD8EB-D9DB-49BE-8E0D-F6363041B395}.test|x64.Build.0 = test|x64
		{4F3FD8EB-D9DB-49BE-8E0D-F6363041B395}.test|x86.ActiveCfg = test|Win32
		{4F3FD8EB-D9DB-49BE-8E0D-F6363041B395}.test|x86.Build.0 = test|Win32
		{A9EC9B64-5BD8-4E66-B36E-5A06C5AAA9E9}.Debug|x64.ActiveCfg = Debug|x64
		{A9EC9B64-5BD8-4E66-B36E-5A06C5AAA9E9}.Debug|x64.Build.0 = Debug|x64
		{A9EC9B64-5BD8-4E66-B36E-5A06C5AAA9E9}.Debug|x86.ActiveCfg = Debug|Win32
		{A9EC9B64-5BD8-4E66-B36E-5A06C5AAA9E9}.Debug|x86.Build.0 = Debug|Win32
		{A9EC9B64-5BD8-4E66-B36E-5A06C5AAA9E9}.Release|x64.ActiveCfg = Release|x64
		{A9EC9B64-5BD8-4E66-B36E-5A06C5AAA9E9}.Release|x64.Build.0 = Release|x64
		{A9EC9B64-5BD8-4E66-B36E-5A06C5AAA9E9}.Release|x86.ActiveCfg = Release|Win32
		{A9EC9B64-5BD8-4E66-B36E-5A06C5AAA9E9}.Release|x86.Build.0 = Release|Win32
		{A9EC9B64-5BD8-4E66-B36E-5A06C5AAA9E9}.test|x64.ActiveCfg = Release|x64
		{A9EC9B64-5BD8-4E66-B36E-5A06C5AAA9E9}.test|x64.Build.0 = Release|x64
		{A9EC9B64-5BD8-4E66-B36E-5A06C5AAA9E9}.test|x86.ActiveCfg = Release|Win32
		{A9EC9B64-5BD8-4E66-B36E-5A06C5AAA9E9}.test|x86.Build.0 = Release|Win32
		{D6008A03-BF86-4E9A-9FB3-73A4615AAB05}.Debug|x64.ActiveCfg = Debug|x64
		{D6008A03-BF86-4E9A-9FB3-73A4615AAB05}.Debug|x64.Build.0 = Debug|x64
		{D6008A03-BF86-4E9A-9FB3-73A4615AAB05}.Debug|x86.ActiveCfg = Debug|Win32
		{D6008A03-BF86-4E9A-9FB3-73A4615AAB05}.Debug|x86.Build.0 = Debug|Win32
		{D6008A03-BF86-4E9A-9FB3-73A4615AAB05}.Release|x64.ActiveCfg = Release|x64
		{D6008A03-BF86-4E9A-9FB3-73A4615AAB05}.Release|x64.Build.0 = Release|x64
		{D6008A03-BF86-4E9A-9FB3-73A4615AAB05}.Release|x86.ActiveCfg = Release|Win32
		{D6008A03-BF86-4E9A-9FB3-73A4615AAB05}.Release|x86.Build.0 = Release|Win32
		{D6008A03-BF86-4E9A-9FB3-73A4615AAB05}.test|x64.ActiveCfg = Release|x64
		{D6008A03-BF86-4E9A-9FB3-73A4615AAB05}.test|x64.Build.0 = Release|x64
		{D6008A03-BF86-4E9A-9FB3-73A4615AAB05}.test|x86.ActiveCfg = Release|Win32
		{D6008A03-BF86-4E9A-9FB3-73A4615AAB05}.test|x86.Build.0 = Release|Win32
		{8C1F83B6-6222-484F-974D-DEDB3123ECC0}.Debug|x64.ActiveCfg = Debug|x64
		{8C1F83B6-6222-484F-974D-DEDB3123ECC0}.Debug|x64.Build.0 = Debug|x64
		{8C1F83B6-6222-484F-974D-DEDB3123ECC0}.Debug|x86.ActiveCfg = Debug|Win32
		{8C1F83B6-6222-484F-974D-DEDB3123ECC0}.Debug|x86.Build.0 = Debug|Win32
		{8C1F83B6-6222-484F-974D-DEDB3123ECC0}.Release|x64.ActiveCfg = Release|x64
		{8C1F83B6-6222-484F-974D-DEDB3123ECC0}.Release|x64.Build.0 = Release|x64
		{8C1F83B6-6222-484F-974D-DEDB3123ECC0}.Release|x86.ActiveCfg = Release|Win32
		{8C1F83B6-6222-484F-974D-DEDB3123ECC0}.Release|x86.Build.0 = Release|Win32
		{8C1F83B6-6222-484F-974D-DEDB3123ECC0}.test|x64.ActiveCfg = Release|x64
		{8C1F83B6-6222-484F-974D-DEDB3123ECC0}.test|x64.Build.0 = Release|x64
		{8C1F83B6-6222-484F-974D-DEDB3123ECC0}.test|x86.ActiveCfg = Release|Win32
		{8C1F83B6-6222-484F-974D-DEDB3123ECC0}.test|x86.Build.0 = Release|Win32
		{20FA3357-71CE-4EF3-8378-A4AF4EE6A841}.Debug|x64.ActiveCfg = Debug|x64
		{20FA3357-71CE-4EF3-8378-A4AF4EE6A841}.Debug|x64.Build.0 = Debug|x64
		{20FA3357-71CE-4EF3-8378-A4AF4EE6A841}.Debug|x86.ActiveCfg = Debug|Win32
		{20FA3357-71CE-4EF3-8378-A4AF4EE6A841}.Debug|x86.Build.0 = Debug|Win32
		{20FA3357-71CE-4EF3-8378-A4AF4EE6A841}.Release|x64.ActiveCfg = Release|x64
		{20FA3357-71CE-4EF3-8378-A4AF4EE6A841}.Release|x64.Build.0 = Release|x64
		{20FA3357-71CE-4EF3-8378-A4AF4EE6A841}.Release|x86.ActiveCfg = Release|Win32
		{20FA3357-71CE-4EF3-8378-A4AF4EE6A841}.Release|x86.Build.0 = Release|Win32
		{20FA3357-71CE-4EF3-8378-A4AF4EE6A841}.test|x64.ActiveCfg = Release|x64
		{20FA3357-71CE-4EF3-8378-A4AF4EE6A841}.test|x64.Build.0 = Release|x64
		{20FA3357-71CE-4EF3-8378-A4AF4EE6A841}.test|x86.ActiveCfg = Release|Win32
		{20FA3357-71CE-4EF3-8378-A4AF4EE6A841}.test|x86.Build.0 = Release|Win32
		{91047475-20E9-4C15-A58C-78F1BCFA8408}.Debug|x64.ActiveCfg = Debug|x64
		{91047475-20E9-4C15-A58C-78F1BCFA8408}.Debug|x64.Build.0 = Debug|x64
		{91047475-20E9-4C15-A58C-78F1BCFA8408}.Debug|x86.ActiveCfg = Debug|Win32
		{91047475-20E9-4C15-A58C-78F1BCFA8408}.Debug|x86.Build.0 = Debug|Win32
		{91047475-20E9-4C15-A58C-78F1BCFA8408}.Release|x64.ActiveCfg = Release|x64
		{91047475-20E9-4C15-A58C-78F1BCFA8408}.Release|x64.Build.0 = Release|x64
		{91047475-20E9-4C15-A58C-78F1BCFA8408}.Release|x86.ActiveCfg = Release|Win32
		{91047475-20E9-4C15-A58C-78F1BCFA8408}.Release|x86.Build.0 = Release|Win32
		{91047475-20E9-4C15-A58C-78F1BCFA8408}.test|x64.ActiveCfg = Release|x64
		{91047475-20E9-4C15-A58C-78F1BCFA8408}.test|x64.Build.0 = Release|x64
		{91047475-20E9-4C15-A58C-78F1BCFA8408}.test|x86.ActiveCfg = Release|Win32
		{91047475-20E9-4C15-A58C-78F1BCFA8408}.test|x86.Build.0 = Release|Win32
		{3FC71E43-F5BF-46A1-964F-E3F95D8F7E0A}.Debug|x64.ActiveCfg = Debug|x64
		{3FC71E43-F5BF-46A1-964F-E3F95D8F7E0A}.Debug|x64.Build.0 = Debug|x64
		{3FC71E43-F5BF-46A1-964F-E3F95D8F7E0A}.Debug|x86.ActiveCfg = Debug|Win32
		{3FC71E43-F5BF-46A1-964F-E3F95D8F7E0A}.Debug|x86.Build.0 = Debug|Win32
		{3FC71E43-F5BF-46A1-964F-E3F95D8F7E0A}.Release|x64.ActiveCfg = Release|x64
		{3FC71E43-F5BF-46A1-964F-E3F95D8F7E0A}.Release|x64.Build.0 = Release|x64
		{3FC71E43-F5BF-46A1-964F-E3F95D8F7E0A}.Release|x86.ActiveCfg = Release|Win32
		{3FC71E43-F5BF-46A1-964F-E3F95D8F7E0A}.Release|x86.Build.0 = Release|Win32
		{3FC71E43-F5BF-46A1-964F-E3F95D8F7E0A}.test|x64.ActiveCfg = Release|x64
		{3FC71E43-F5BF-46A1-964F-E3F95D8F7E0A}.test|x64.Build.0 = Release|x64
		{3FC71E43-F5BF-46A1-964F-E3F95D8F7E0A}.test|x86.ActiveCfg = Release|Win32
		{3FC71E43-F5BF-46A1-964F-E3F95D8F7E0A}.test|x86.Build.0 = Release|Win32
		{CCC75E42-D6D6-41FA-AA1F-CFD7896994ED}.Debug|x64.ActiveCfg = Debug|x64
		{CCC75E42-D6D6-41FA-AA1F-CFD7896994ED}.Debug|x64.Build.0 = Debug|x64
		{CCC75E42-D6D6-41FA-AA1F-CFD7896994ED}.Debug|x86.ActiveCfg = Debug|Win32
		{CCC75E42-D6D6-41FA-AA1F-CFD7896994ED}.Debug|x86.Build.0 = Debug|Win32
		{CCC75E42-D6D6-41FA-AA1F-CFD7896994ED}.Release|x64.ActiveCfg = Release|x64
		{CCC75E42-D6D6-41FA-AA1F-CFD7896994ED}.Release|x64.Build.0 = Release|x64
		{CCC75E42-D6D6-41FA-AA1F-CFD7896994ED}.Release|x86.ActiveCfg = Release|Win32
		{CCC75E42-D6D6-41FA-AA1F-CFD7896994ED}.Release|x86.Build.0 = Release|Win32
		{CCC75E42-D6D6-41FA-AA1F-CFD7896994ED}.test|x64.ActiveCfg = Release|x64
		{CCC75E42-D6D6-41FA-AA1F-CFD7896994ED}.test|x64.Build.0 = Release|x64
		{CCC75E42-D6D6-41FA-AA1F-CFD7896994ED}.test|x86.ActiveCfg = Release|Win32
		{CCC75E42-D6D6-41FA-AA1F-CFD7896994ED}.test|x86.Build.0 = Release|Win32
		{CC590E5F-8391-4CC6-B8FA-D24D19DA0D2A}.Debug|x64.ActiveCfg = Debug|x64
		{CC590E5F-8391-4CC6-B8FA-D24D19DA0D2A}.Debug|x64.Build.0 = Debug|x64
		{CC590E5F-8391-4CC6-B8FA-D24D19DA0D2A}.Debug|x86.ActiveCfg = Debug|Win32
		{CC590E5F-8391-4CC6-B8FA-D24D19DA0D2A}.Debug|x86.Build.0 = Debug|Win32
		{CC590E5F-8391-4CC6-B8FA-D24D19DA0D2A}.Release|x64.ActiveCfg = Release|x64
		{CC590E5F-8391-4CC6-B8FA-D24D19DA0D2A}.Release|x64.Build.0 = Release|x64
		{CC590E5F-8391-4CC6-B8FA-D24D19DA0D2A}.Release|x86.ActiveCfg = Release|Win32
		{CC590E5F-8391-4CC6-B8FA-D24D19DA0D2A}.Release|x86.Build.0 = Release|Win32
		{CC590E5F-8391-4CC6-B8FA-D24D19DA0D2A}.test|x64.ActiveCfg = Release|x64
		{CC590E5F-8391-4CC6-B8FA-D24D19DA0D2A}.test|x64.Build.0 = Release|x64
		{CC590E5F-8391-4CC6-B8FA-D24D19DA0D2A}.test|x86.ActiveCfg = Release|Win32
		{CC590E5F-8391-4CC6-B8FA-D24D19DA0D2A}.test|x86.Build.0 = Release|Win32
		{4687B4BA-21F8-4128-8BCB-FD540E48EBCE}.Debug|x64.ActiveCfg = Debug|x64
		{4687B4BA-21F8-4128-8BCB-FD540E48EBCE}.Debug|x64.Build.0 = Debug|x64
		{4687B4BA-21F8-4128-8BCB-FD540E48EBCE}.Debug|x86.ActiveCfg = Debug|Win32
		{4687B4BA-21F8-4128-8BCB-FD540E48EBCE}.Debug|x86.Build.0 = Debug|Win32
		{4687B4BA-21F8-4128-8BCB-FD540E48EBCE}.Release|x64.ActiveCfg = Release|x64
		{4687B4BA-21F8-4128-8BCB-FD540E48EBCE}.Release|x64.Build.0 = Release|x64
		{4687B4BA-21F8-4128-8BCB-FD540E48EBCE}.Release|x86.ActiveCfg = Release|Win32
		{4687B4BA-21F8-4128-8BCB-FD540E48EBCE}.Release|x86.Build.0 = Release|Win32
		{4687B4BA-21F8-4128-8BCB-FD540E48EBCE}.test|x64.ActiveCfg = Release|x64
		{4687B4BA-21F8-4128-8BCB-FD540E48EBCE}.test|x64.Build.0 = Release|x64
		{4687B4BA-21F8-4128-8BCB-FD540E48EBCE}.test|x86.ActiveCfg = Release|Win32
		{4687B4BA-21F8-4128-8BCB-FD540E48EBCE}.test|x86.Build.0 = Release|Win32
		{4A23EEDF-4E72-4233-BAAF-576EADD20DA4}.Debug|x64.ActiveCfg = Debug|x64
		{4A23EEDF-4E72-4233-BAAF-576EADD20DA4}.Debug|x64.Build.0 = Debug|x64
		{4A23EEDF-4E72-4233-BAAF-576EADD20DA4}.Debug|x86.ActiveCfg = Debug|Win32
		{4A23EEDF-4E72-4233-BAAF-576EADD20DA4}.Debug|x86.Build.0 = Debug|Win32
		{4A23EEDF-4E72-4233-BAAF-576EADD20DA4}.Release|x64.ActiveCfg = Release|x64
		{4A23EEDF-4E72-4233-BAAF-576EADD20DA4}.Release|x64.Build.0 = Release|x64
		{4A23EEDF-4E72-4233-BAAF-576EADD20DA4}.Release|x86.ActiveCfg = Release|Win32
		{4A23EEDF-4E72-4233-BAAF-576EADD20DA4}.Release|x86.Build.0 = Release|Win32
		{4A23EEDF-4E72-4233-BAAF-576EADD20DA4}.test|x64.ActiveCfg = Release|x64
		{4A23EEDF-4E72-4233-BAAF-576EADD20DA4}.test|x64.Build.0 = Release|x64
		{4A23EEDF-4E72-4233-BAAF-576EADD20DA4}.test|x86.ActiveCfg = Release|Win32
		{4A23EEDF-4E72-4233-BAAF-576EADD20DA4}.test|x86.Build.0 = Release|Win32
		{F9DEAABD-6517-4C2E-8661-987FB0D277B9}.Debug|x64.ActiveCfg = Debug|x64
		{F9DEAABD-6517-4C2E-8661-987FB0D277B9}.Debug|x64.Build.0 = Debug|x64
		{F9DEAABD-6517-4C2E-8661-987FB0D277B9}.Debug|x86.ActiveCfg = Debug|Win32
		{F9DEAABD-6517-4C2E-8661-987FB0D277B9}.Debug|x86.Build.0 = Debug|Win32
		{F9DEAABD-6517-4C2E-8661-987FB0D277B9}.Release|x64.ActiveCfg = Release|x64
		{F9DEAABD-6517-4C2E-8661-987FB0D277B9}.Release|x64.Build.0 = Release|x64
		{F9DEAABD-6517-4C2E-8661-987FB0D277B9}.Release|x86.ActiveCfg = Release|Win32
		{F9DEAABD-6517-4C2E-8661-987FB0D277B9}.Release|x86.Build.0 = Release|Win32
		{F9DEAABD-6517-4C2E-8661-987FB0D277B9}.test|x64.ActiveCfg = Release|x64
		{F9DEAABD-6517-4C2E-8661-987FB0D277B9}.test|x64.Build.0 = Release|x64
		{F9DEAABD-6517-4C2E-8661-987FB0D277B9}.test|x86.ActiveCfg = Release|Win32
		{F9DEAABD-6517-4C2E-8661-987FB0D277B9}.test|x86.Build.0 = Release|Win32
		{4527026E-A511-4FB0-B241-A4E5BAFEA78A}.Debug|x64.ActiveCfg = Debug|x64
		{4527026E-A511-4FB0-B241-A4E5BAFEA78A}.Debug|x64.Build.0 = Debug|x64
		{4527026E-A511-4FB0-B241-A4E5BAFEA78A}.Debug|x86.ActiveCfg = Debug|Win32
		{4527026E-A511-4FB0-B241-A4E5BAFEA78A}.Debug|x86.Build.0 = Debug|Win32
		{4527026E-A511-4FB0-B241-A4E5BAFEA78A}.Release|x64.ActiveCfg = Release|x64
		{4527026E-A511-4FB0-B241-A4E5BAFEA78A}.Release|x64.Build.0 = Release|x64
		{4527026E-A511-4FB0-B241-A4E5BAFEA78A}.Release|x86.ActiveCfg = Release|Win32
		{4527026E-A511-4FB0-B241-A4E5BAFEA78A}.Release|x86.Build.0 = Release|Win32
		{4527026E-A511-4FB0-B241-A4E5BAFEA78A}.test|x64.ActiveCfg = Release|x64
		{4527026E-A511-4FB0-B241-A4E5BAFEA78A}.test|x64.Build.0 = Release|x64
		{4527026E-A511-4FB0-B241-A4E5BAFEA78A}.test|x86.ActiveCfg = Release|Win32
		{4527026E-A511-4FB0-B241-A4E5BAFEA78A}.test|x86.Build.0 = Release|Win32
		{7729AA0E-0E6B-41A5-81EE-F20698DF3787}.Debug|x64.ActiveCfg = Debug|x64
		{7729AA0E-0E6B-41A5-81EE-F20698DF3787}.Debug|x64.Build.0 = Debug|x64
		{7729AA0E-0E6B-41A5-81EE-F20698DF3787}.Debug|x86.ActiveCfg = Debug|Win32
		{7729AA0E-0E6B-41A5-81EE-F20698DF3787}.Debug|x86.Build.0 = Debug|Win32
		{7729AA0E-0E6B-41A5-81EE-F20698DF3787}.Release|x64.ActiveCfg = Release|x64
		{7729AA0E-0E6B-41A5-81EE-F20698DF3787}.Release|x64.Build.0 = Release|x64
		{7729AA0E-0E6B-41A5-81EE-F20698DF3787}.Release|x86.ActiveCfg = Release|Win32
		{7729AA0E-0E6B-41A5-81EE-F20698DF3787}.Release|x86.Build.0 = Release|Win32
		{7729AA0E-0E6B-41A5-81EE-F20698DF3787}.test|x64.ActiveCfg = Release|x64
		{7729AA0E-0E6B-41A5-81EE-F20698DF3787}.test|x64.Build.0 = Release|x64
		{7729AA0E-0E6B-41A5-81EE-F20698DF3787}.test|x86.ActiveCfg = Release|Win32
		{7729AA0E-0E6B-41A5-81EE-F20698DF3787}.test|x86.Build.0 = Release|Win32
		{75834EE3-7CA7-4DDB-B741-58A421BA4C88}.Debug|x64.ActiveCfg = Debug|x64
		{75834EE3-7CA7-4DDB-B741-58A421BA4C88}.Debug|x64.Build.0 = Debug|x64
		{75834EE3-7CA7-4DDB-B741-58A421BA4C88}.Debug|x86.ActiveCfg = Debug|Win32
		{75834EE3-7CA7-4DDB-B741-58A421BA4C88}.Debug|x86.Build.0 = Debug|Win32
		{75834EE3-7CA7-4DDB-B741-58A421BA4C88}.Release|x64.ActiveCfg = Release|x64
		{75834EE3-7CA7-4DDB-B741-58A421BA4C88}.Release|x64.Build.0 = Release|x64
		{75834EE3-7CA7-4DDB-B741-58A421BA4C88}.Release|x86.ActiveCfg = Release|Win32
		{75834EE3-7CA7-4DDB-B741-58A421BA4C88}.Release|x86.Build.0 = Release|Win32
		{75834EE3-7CA7-4DDB-B741-58A421BA4C88}.test|x64.ActiveCfg = Release|x64
		{75834EE3-7CA7-4DDB-B741-58A421BA4C88}.test|x64.Build.0 = Release|x64
		{75834EE3-7CA7-4DDB-B741-58A421BA4C88}.test|x86.ActiveCfg = Release|Win32
		{75834EE3-7CA7-4DDB-B741-58A421BA4C88}.test|x86.Build.0 = Release|Win32
		{68694DFD-6C93-42EB-8073-3F6EAB2AA4F1}.Debug|x64.ActiveCfg = Debug|x64
		{68694DFD-6C93-42EB-8073-3F6EAB2AA4F1}.Debug|x64.Build.0 = Debug|x64
		{68694DFD-6C93-42EB-8073-3F6EAB2AA4F1}.Debug|x86.ActiveCfg = Debug|Win32
		{68694DFD-6C93-42EB-8073-3F6EAB2AA4F1}.Debug|x86.Build.0 = Debug|Win32
		{68694DFD-6C93-42EB-8073-3F6EAB2AA4F1}.Release|x64.ActiveCfg = Release|x64
		{68694DFD-6C93-42EB-8073-3F6EAB2AA4F1}.Release|x64.Build.0 = Release|x64
		{68694DFD-6C93-42EB-8073-3F6EAB2AA4F1}.Release|x86.ActiveCfg = Release|Win32
		{68694DFD-6C93-42EB-8073-3F6EAB2AA4F1}.Release|x86.Build.0 = Release|Win32
		{68694DFD-6C93-42EB-8073-3F6EAB2AA4F1}.test|x64.ActiveCfg = Release|x64
		{68694DFD-6C93-42EB-8073-3F6EAB2AA4F1}.test|x64.Build.0 = Release|x64
		{68694DFD-6C93-42EB-8073-3F6EAB2AA4F1}.test|x86.ActiveCfg = Release|Win32
		{68694DFD-6C93-42EB-8073-3F6EAB2AA4F1}.test|x86.Build.0 = Release|Win32
	EndGlobalSection
	GlobalSection(SolutionProperties) = preSolution
		HideSolutionNode = FALSE
	EndGlobalSection
	GlobalSection(ExtensibilityGlobals) = postSolution
		SolutionGuid = {8B9A648D-6C6E-4E76-8041-7D0B8858137A}
	EndGlobalSection
EndGlobal
