
Microsoft Visual Studio Solution File, Format Version 12.00
# Visual Studio Version 16
VisualStudioVersion = 16.0.29215.179
MinimumVisualStudioVersion = 10.0.40219.1
Project("{8BC9CEB8-8B4A-11D0-8D11-00A0C91BC942}") = "Lab1_Bilyi", "Lab1_Bilyi\Lab1_Bilyi.vcxproj", "{4F3FD8EB-D9DB-49BE-8E0D-F6363041B395}"
EndProject
Project("{8BC9CEB8-8B4A-11D0-8D11-00A0C91BC942}") = "Lab2_Bilyi", "Lab2_Bilyi\Lab2_Bilyi.vcxproj", "{A9EC9B64-5BD8-4E66-B36E-5A06C5AAA9E9}"
EndProject
Project("{8BC9CEB8-8B4A-11D0-8D11-00A0C91BC942}") = "Lab3_Bilyi", "Lab3_Bilyi\Lab3_Bilyi.vcxproj", "{D6008A03-BF86-4E9A-9FB3-73A4615AAB05}"
EndProject
Project("{8BC9CEB8-8B4A-11D0-8D11-00A0C91BC942}") = "Lab4_Bilyi", "Lab4_Bilyi\Lab4_Bilyi.vcxproj", "{8C1F83B6-6222-484F-974D-DEDB3123ECC0}"
EndProject
Project("{8BC9CEB8-8B4A-11D0-8D11-00A0C91BC942}") = "Lab5_Bilyi", "Lab5_Bilyi\Lab5_Bilyi.vcxproj", "{20FA3357-71CE-4EF3-8378-A4AF4EE6A841}"
EndProject
Project("{8BC9CEB8-8B4A-11D0-8D11-00A0C91BC942}") = "Lab6_Bilyi", "Lab6_Bilyi\Lab6_Bilyi.vcxproj", "{91047475-20E9-4C15-A58C-78F1BCFA8408}"
EndProject
Project("{8BC9CEB8-8B4A-11D0-8D11-00A0C91BC942}") = "Lab7_Bilyi", "Lab7_Bilyi\Lab7_Bilyi.vcxproj", "{3FC71E43-F5BF-46A1-964F-E3F95D8F7E0A}"
EndProject
Global
	GlobalSection(SolutionConfigurationPlatforms) = preSolution
		Debug|x64 = Debug|x64
		Debug|x86 = Debug|x86
		Release|x64 = Release|x64
		Release|x86 = Release|x86
		test|x64 = test|x64
		test|x86 = test|x86
	EndGlobalSection
	GlobalSection(ProjectConfigurationPlatforms) = postSolution
		{4F3FD8EB-D9DB-49BE-8E0D-F6363041B395}.Debug|x64.ActiveCfg = Debug|x64
		{4F3FD8EB-D9DB-49BE-8E0D-F6363041B395}.Debug|x64.Build.0 = Debug|x64
		{4F3FD8EB-D9DB-49BE-8E0D-F6363041B395}.Debug|x86.ActiveCfg = Debug|Win32
		{4F3FD8EB-D9DB-49BE-8E0D-F6363041B395}.Debug|x86.Build.0 = Debug|Win32
		{4F3FD8EB-D9DB-49BE-8E0D-F6363041B395}.Release|x64.ActiveCfg = Release|x64
		{4F3FD8EB-D9DB-49BE-8E0D-F6363041B395}.Release|x64.Build.0 = Release|x64
		{4F3FD8EB-D9DB-49BE-8E0D-F6363041B395}.Release|x86.ActiveCfg = Release|Win32
		{4F3FD8EB-D9DB-49BE-8E0D-F6363041B395}.Release|x86.Build.0 = Release|Win32
		{4F3FD8EB-D9DB-49BE-8E0D-F6363041B395}.test|x64.ActiveCfg = test|x64
		{4F3FD8EB-D9DB-49BE-8E0D-F6363041B395}.test|x64.Build.0 = test|x64
		{4F3FD8EB-D9DB-49BE-8E0D-F6363041B395}.test|x86.ActiveCfg = test|Win32
		{4F3FD8EB-D9DB-49BE-8E0D-F6363041B395}.test|x86.Build.0 = test|Win32
		{A9EC9B64-5BD8-4E66-B36E-5A06C5AAA9E9}.Debug|x64.ActiveCfg = Debug|x64
		{A9EC9B64-5BD8-4E66-B36E-5A06C5AAA9E9}.Debug|x64.Build.0 = Debug|x64
		{A9EC9B64-5BD8-4E66-B36E-5A06C5AAA9E9}.Debug|x86.ActiveCfg = Debug|Win32
		{A9EC9B64-5BD8-4E66-B36E-5A06C5AAA9E9}.Debug|x86.Build.0 = Debug|Win32
		{A9EC9B64-5BD8-4E66-B36E-5A06C5AAA9E9}.Release|x64.ActiveCfg = Release|x64
		{A9EC9B64-5BD8-4E66-B36E-5A06C5AAA9E9}.Release|x64.Build.0 = Release|x64
		{A9EC9B64-5BD8-4E66-B36E-5A06C5AAA9E9}.Release|x86.ActiveCfg = Release|Win32
		{A9EC9B64-5BD8-4E66-B36E-5A06C5AAA9E9}.Release|x86.Build.0 = Release|Win32
		{A9EC9B64-5BD8-4E66-B36E-5A06C5AAA9E9}.test|x64.ActiveCfg = Release|x64
		{A9EC9B64-5BD8-4E66-B36E-5A06C5AAA9E9}.test|x64.Build.0 = Release|x64
		{A9EC9B64-5BD8-4E66-B36E-5A06C5AAA9E9}.test|x86.ActiveCfg = Release|Win32
		{A9EC9B64-5BD8-4E66-B36E-5A06C5AAA9E9}.test|x86.Build.0 = Release|Win32
		{D6008A03-BF86-4E9A-9FB3-73A4615AAB05}.Debug|x64.ActiveCfg = Debug|x64
		{D6008A03-BF86-4E9A-9FB3-73A4615AAB05}.Debug|x64.Build.0 = Debug|x64
		{D6008A03-BF86-4E9A-9FB3-73A4615AAB05}.Debug|x86.ActiveCfg = Debug|Win32
		{D6008A03-BF86-4E9A-9FB3-73A4615AAB05}.Debug|x86.Build.0 = Debug|Win32
		{D6008A03-BF86-4E9A-9FB3-73A4615AAB05}.Release|x64.ActiveCfg = Release|x64
		{D6008A03-BF86-4E9A-9FB3-73A4615AAB05}.Release|x64.Build.0 = Release|x64
		{D6008A03-BF86-4E9A-9FB3-73A4615AAB05}.Release|x86.ActiveCfg = Release|Win32
		{D6008A03-BF86-4E9A-9FB3-73A4615AAB05}.Release|x86.Build.0 = Release|Win32
		{D6008A03-BF86-4E9A-9FB3-73A4615AAB05}.test|x64.ActiveCfg = Release|x64
		{D6008A03-BF86-4E9A-9FB3-73A4615AAB05}.test|x64.Build.0 = Release|x64
		{D6008A03-BF86-4E9A-9FB3-73A4615AAB05}.test|x86.ActiveCfg = Release|Win32
		{D6008A03-BF86-4E9A-9FB3-73A4615AAB05}.test|x86.Build.0 = Release|Win32
		{8C1F83B6-6222-484F-974D-DEDB3123ECC0}.Debug|x64.ActiveCfg = Debug|x64
		{8C1F83B6-6222-484F-974D-DEDB3123ECC0}.Debug|x64.Build.0 = Debug|x64
		{8C1F83B6-6222-484F-974D-DEDB3123ECC0}.Debug|x86.ActiveCfg = Debug|Win32
		{8C1F83B6-6222-484F-974D-DEDB3123ECC0}.Debug|x86.Build.0 = Debug|Win32
		{8C1F83B6-6222-484F-974D-DEDB3123ECC0}.Release|x64.ActiveCfg = Release|x64
		{8C1F83B6-6222-484F-974D-DEDB3123ECC0}.Release|x64.Build.0 = Release|x64
		{8C1F83B6-6222-484F-974D-DEDB3123ECC0}.Release|x86.ActiveCfg = Release|Win32
		{8C1F83B6-6222-484F-974D-DEDB3123ECC0}.Release|x86.Build.0 = Release|Win32
		{8C1F83B6-6222-484F-974D-DEDB3123ECC0}.test|x64.ActiveCfg = Release|x64
		{8C1F83B6-6222-484F-974D-DEDB3123ECC0}.test|x64.Build.0 = Release|x64
		{8C1F83B6-6222-484F-974D-DEDB3123ECC0}.test|x86.ActiveCfg = Release|Win32
		{8C1F83B6-6222-484F-974D-DEDB3123ECC0}.test|x86.Build.0 = Release|Win32
		{20FA3357-71CE-4EF3-8378-A4AF4EE6A841}.Debug|x64.ActiveCfg = Debug|x64
		{20FA3357-71CE-4EF3-8378-A4AF4EE6A841}.Debug|x64.Build.0 = Debug|x64
		{20FA3357-71CE-4EF3-8378-A4AF4EE6A841}.Debug|x86.ActiveCfg = Debug|Win32
		{20FA3357-71CE-4EF3-8378-A4AF4EE6A841}.Debug|x86.Build.0 = Debug|Win32
		{20FA3357-71CE-4EF3-8378-A4AF4EE6A841}.Release|x64.ActiveCfg = Release|x64
		{20FA3357-71CE-4EF3-8378-A4AF4EE6A841}.Release|x64.Build.0 = Release|x64
		{20FA3357-71CE-4EF3-8378-A4AF4EE6A841}.Release|x86.ActiveCfg = Release|Win32
		{20FA3357-71CE-4EF3-8378-A4AF4EE6A841}.Release|x86.Build.0 = Release|Win32
		{20FA3357-71CE-4EF3-8378-A4AF4EE6A841}.test|x64.ActiveCfg = Release|x64
		{20FA3357-71CE-4EF3-8378-A4AF4EE6A841}.test|x64.Build.0 = Release|x64
		{20FA3357-71CE-4EF3-8378-A4AF4EE6A841}.test|x86.ActiveCfg = Release|Win32
		{20FA3357-71CE-4EF3-8378-A4AF4EE6A841}.test|x86.Build.0 = Release|Win32
		{91047475-20E9-4C15-A58C-78F1BCFA8408}.Debug|x64.ActiveCfg = Debug|x64
		{91047475-20E9-4C15-A58C-78F1BCFA8408}.Debug|x64.Build.0 = Debug|x64
		{91047475-20E9-4C15-A58C-78F1BCFA8408}.Debug|x86.ActiveCfg = Debug|Win32
		{91047475-20E9-4C15-A58C-78F1BCFA8408}.Debug|x86.Build.0 = Debug|Win32
		{91047475-20E9-4C15-A58C-78F1BCFA8408}.Release|x64.ActiveCfg = Release|x64
		{91047475-20E9-4C15-A58C-78F1BCFA8408}.Release|x64.Build.0 = Release|x64
		{91047475-20E9-4C15-A58C-78F1BCFA8408}.Release|x86.ActiveCfg = Release|Win32
		{91047475-20E9-4C15-A58C-78F1BCFA8408}.Release|x86.Build.0 = Release|Win32
		{91047475-20E9-4C15-A58C-78F1BCFA8408}.test|x64.ActiveCfg = Release|x64
		{91047475-20E9-4C15-A58C-78F1BCFA8408}.test|x64.Build.0 = Release|x64
		{91047475-20E9-4C15-A58C-78F1BCFA8408}.test|x86.ActiveCfg = Release|Win32
		{91047475-20E9-4C15-A58C-78F1BCFA8408}.test|x86.Build.0 = Release|Win32
		{3FC71E43-F5BF-46A1-964F-E3F95D8F7E0A}.Debug|x64.ActiveCfg = Debug|x64
		{3FC71E43-F5BF-46A1-964F-E3F95D8F7E0A}.Debug|x64.Build.0 = Debug|x64
		{3FC71E43-F5BF-46A1-964F-E3F95D8F7E0A}.Debug|x86.ActiveCfg = Debug|Win32
		{3FC71E43-F5BF-46A1-964F-E3F95D8F7E0A}.Debug|x86.Build.0 = Debug|Win32
		{3FC71E43-F5BF-46A1-964F-E3F95D8F7E0A}.Release|x64.ActiveCfg = Release|x64
		{3FC71E43-F5BF-46A1-964F-E3F95D8F7E0A}.Release|x64.Build.0 = Release|x64
		{3FC71E43-F5BF-46A1-964F-E3F95D8F7E0A}.Release|x86.ActiveCfg = Release|Win32
		{3FC71E43-F5BF-46A1-964F-E3F95D8F7E0A}.Release|x86.Build.0 = Release|Win32
		{3FC71E43-F5BF-46A1-964F-E3F95D8F7E0A}.test|x64.ActiveCfg = Release|x64
		{3FC71E43-F5BF-46A1-964F-E3F95D8F7E0A}.test|x64.Build.0 = Release|x64
		{3FC71E43-F5BF-46A1-964F-E3F95D8F7E0A}.test|x86.ActiveCfg = Release|Win32
		{3FC71E43-F5BF-46A1-964F-E3F95D8F7E0A}.test|x86.Build.0 = Release|Win32
	EndGlobalSection
	GlobalSection(SolutionProperties) = preSolution
		HideSolutionNode = FALSE
	EndGlobalSection
	GlobalSection(ExtensibilityGlobals) = postSolution
		SolutionGuid = {8B9A648D-6C6E-4E76-8041-7D0B8858137A}
	EndGlobalSection
EndGlobal
